// !$*UTF8*$!
{
	archiveVersion = 1;
	classes = {
	};
	objectVersion = 46;
	objects = {

/* Begin PBXBuildFile section */
		531104E01E952A8F00B7AE9F /* ShakeExtension.swift in Sources */ = {isa = PBXBuildFile; fileRef = 531104DF1E952A8F00B7AE9F /* ShakeExtension.swift */; };
		531104E21E952DC800B7AE9F /* QuestionProtocol.swift in Sources */ = {isa = PBXBuildFile; fileRef = 531104E11E952DC800B7AE9F /* QuestionProtocol.swift */; };
		531104E41E95323400B7AE9F /* QuestionBank.swift in Sources */ = {isa = PBXBuildFile; fileRef = 531104E31E95323400B7AE9F /* QuestionBank.swift */; };
		531104E61E9540E000B7AE9F /* ResponseBank.swift in Sources */ = {isa = PBXBuildFile; fileRef = 531104E51E9540E000B7AE9F /* ResponseBank.swift */; };
		531104E81E95648400B7AE9F /* StatusSelection.swift in Sources */ = {isa = PBXBuildFile; fileRef = 531104E71E95648400B7AE9F /* StatusSelection.swift */; };
		531104EC1E956EB200B7AE9F /* StatusTable.swift in Sources */ = {isa = PBXBuildFile; fileRef = 531104EB1E956EB200B7AE9F /* StatusTable.swift */; };
		531104EE1E956F9500B7AE9F /* PrioritiesTable.swift in Sources */ = {isa = PBXBuildFile; fileRef = 531104ED1E956F9500B7AE9F /* PrioritiesTable.swift */; };
		531105CF1EB3D6F3004E97C7 /* WoodenViewController.swift in Sources */ = {isa = PBXBuildFile; fileRef = 531105CE1EB3D6F3004E97C7 /* WoodenViewController.swift */; };
		533309BA1E943B23008DF646 /* QuestionController.swift in Sources */ = {isa = PBXBuildFile; fileRef = 533309B91E943B23008DF646 /* QuestionController.swift */; };
		533309BC1E943CD8008DF646 /* Question.swift in Sources */ = {isa = PBXBuildFile; fileRef = 533309BB1E943CD8008DF646 /* Question.swift */; };
		5351F6271E92E27500D92D53 /* CellController.swift in Sources */ = {isa = PBXBuildFile; fileRef = 5351F6261E92E27500D92D53 /* CellController.swift */; };
		53644B221EB4E9F3005DCFA7 /* RockCell.swift in Sources */ = {isa = PBXBuildFile; fileRef = 53644B211EB4E9F3005DCFA7 /* RockCell.swift */; };
		538669941E8D741B00C86C9E /* Character.swift in Sources */ = {isa = PBXBuildFile; fileRef = 538669931E8D741B00C86C9E /* Character.swift */; };
		538669961E8D89AA00C86C9E /* GenderSelectionController.swift in Sources */ = {isa = PBXBuildFile; fileRef = 538669951E8D89AA00C86C9E /* GenderSelectionController.swift */; };
		538669981E8D89F000C86C9E /* FirstInfoController.swift in Sources */ = {isa = PBXBuildFile; fileRef = 538669971E8D89F000C86C9E /* FirstInfoController.swift */; };
		5386699A1E8D8A2F00C86C9E /* BackgroundController.swift in Sources */ = {isa = PBXBuildFile; fileRef = 538669991E8D8A2F00C86C9E /* BackgroundController.swift */; };
		5386699C1E8D8A5500C86C9E /* StatusController.swift in Sources */ = {isa = PBXBuildFile; fileRef = 5386699B1E8D8A5500C86C9E /* StatusController.swift */; };
		5386699E1E8D8A7100C86C9E /* GenerateStoryController.swift in Sources */ = {isa = PBXBuildFile; fileRef = 5386699D1E8D8A7100C86C9E /* GenerateStoryController.swift */; };
		538669A01E8D8AA600C86C9E /* WriteStoryController.swift in Sources */ = {isa = PBXBuildFile; fileRef = 5386699F1E8D8AA600C86C9E /* WriteStoryController.swift */; };
		538669A21E8D8F3300C86C9E /* CharacterInfoController.swift in Sources */ = {isa = PBXBuildFile; fileRef = 538669A11E8D8F3300C86C9E /* CharacterInfoController.swift */; };
		538669A51E8D9CA700C86C9E /* FinishViewController.swift in Sources */ = {isa = PBXBuildFile; fileRef = 538669A41E8D9CA700C86C9E /* FinishViewController.swift */; };
		53AE30531EB53BE700F268EF /* InfoViewController.swift in Sources */ = {isa = PBXBuildFile; fileRef = 53AE30521EB53BE700F268EF /* InfoViewController.swift */; };
		53BB5D871E97C914008B3CED /* ImageCell.swift in Sources */ = {isa = PBXBuildFile; fileRef = 53BB5D861E97C914008B3CED /* ImageCell.swift */; };
		53BEF6D11E927C5F0034B0BF /* CharacterSelectionController.swift in Sources */ = {isa = PBXBuildFile; fileRef = 53BEF6D01E927C5F0034B0BF /* CharacterSelectionController.swift */; };
		53BEF6D31E927FC40034B0BF /* CharacterProtocol.swift in Sources */ = {isa = PBXBuildFile; fileRef = 53BEF6D21E927FC40034B0BF /* CharacterProtocol.swift */; };
		9686F3D11E93E11800318562 /* CMData.xcdatamodeld in Sources */ = {isa = PBXBuildFile; fileRef = 9686F3CF1E93E11800318562 /* CMData.xcdatamodeld */; };
		9686F3D41E93E70A00318562 /* CMDataController.swift in Sources */ = {isa = PBXBuildFile; fileRef = 9686F3D31E93E70A00318562 /* CMDataController.swift */; };
		9686F3E81E96942000318562 /* PlayerChar+CoreDataClass.swift in Sources */ = {isa = PBXBuildFile; fileRef = 9686F3E61E96942000318562 /* PlayerChar+CoreDataClass.swift */; };
		9686F3E91E96942000318562 /* PlayerChar+CoreDataProperties.swift in Sources */ = {isa = PBXBuildFile; fileRef = 9686F3E71E96942000318562 /* PlayerChar+CoreDataProperties.swift */; };
		AA32A9551E8D636F001E8F9E /* AppDelegate.swift in Sources */ = {isa = PBXBuildFile; fileRef = AA32A9541E8D636F001E8F9E /* AppDelegate.swift */; };
		AA32A95A1E8D636F001E8F9E /* Main.storyboard in Resources */ = {isa = PBXBuildFile; fileRef = AA32A9581E8D636F001E8F9E /* Main.storyboard */; };
		AA32A95C1E8D636F001E8F9E /* Assets.xcassets in Resources */ = {isa = PBXBuildFile; fileRef = AA32A95B1E8D636F001E8F9E /* Assets.xcassets */; };
		AA32A95F1E8D636F001E8F9E /* LaunchScreen.storyboard in Resources */ = {isa = PBXBuildFile; fileRef = AA32A95D1E8D636F001E8F9E /* LaunchScreen.storyboard */; };
/* End PBXBuildFile section */

/* Begin PBXFileReference section */
		531104DF1E952A8F00B7AE9F /* ShakeExtension.swift */ = {isa = PBXFileReference; fileEncoding = 4; lastKnownFileType = sourcecode.swift; path = ShakeExtension.swift; sourceTree = "<group>"; };
		531104E11E952DC800B7AE9F /* QuestionProtocol.swift */ = {isa = PBXFileReference; fileEncoding = 4; lastKnownFileType = sourcecode.swift; path = QuestionProtocol.swift; sourceTree = "<group>"; };
		531104E31E95323400B7AE9F /* QuestionBank.swift */ = {isa = PBXFileReference; fileEncoding = 4; lastKnownFileType = sourcecode.swift; path = QuestionBank.swift; sourceTree = "<group>"; };
		531104E51E9540E000B7AE9F /* ResponseBank.swift */ = {isa = PBXFileReference; fileEncoding = 4; lastKnownFileType = sourcecode.swift; path = ResponseBank.swift; sourceTree = "<group>"; };
		531104E71E95648400B7AE9F /* StatusSelection.swift */ = {isa = PBXFileReference; fileEncoding = 4; lastKnownFileType = sourcecode.swift; path = StatusSelection.swift; sourceTree = "<group>"; };
		531104EB1E956EB200B7AE9F /* StatusTable.swift */ = {isa = PBXFileReference; fileEncoding = 4; lastKnownFileType = sourcecode.swift; path = StatusTable.swift; sourceTree = "<group>"; };
		531104ED1E956F9500B7AE9F /* PrioritiesTable.swift */ = {isa = PBXFileReference; fileEncoding = 4; lastKnownFileType = sourcecode.swift; path = PrioritiesTable.swift; sourceTree = "<group>"; };
		531105CE1EB3D6F3004E97C7 /* WoodenViewController.swift */ = {isa = PBXFileReference; fileEncoding = 4; lastKnownFileType = sourcecode.swift; path = WoodenViewController.swift; sourceTree = "<group>"; };
		533309B91E943B23008DF646 /* QuestionController.swift */ = {isa = PBXFileReference; fileEncoding = 4; lastKnownFileType = sourcecode.swift; path = QuestionController.swift; sourceTree = "<group>"; };
		533309BB1E943CD8008DF646 /* Question.swift */ = {isa = PBXFileReference; fileEncoding = 4; lastKnownFileType = sourcecode.swift; path = Question.swift; sourceTree = "<group>"; };
		5351F6261E92E27500D92D53 /* CellController.swift */ = {isa = PBXFileReference; fileEncoding = 4; lastKnownFileType = sourcecode.swift; path = CellController.swift; sourceTree = "<group>"; };
		53644B211EB4E9F3005DCFA7 /* RockCell.swift */ = {isa = PBXFileReference; fileEncoding = 4; lastKnownFileType = sourcecode.swift; path = RockCell.swift; sourceTree = "<group>"; };
		538669931E8D741B00C86C9E /* Character.swift */ = {isa = PBXFileReference; fileEncoding = 4; lastKnownFileType = sourcecode.swift; path = Character.swift; sourceTree = "<group>"; };
		538669951E8D89AA00C86C9E /* GenderSelectionController.swift */ = {isa = PBXFileReference; fileEncoding = 4; lastKnownFileType = sourcecode.swift; path = GenderSelectionController.swift; sourceTree = "<group>"; };
		538669971E8D89F000C86C9E /* FirstInfoController.swift */ = {isa = PBXFileReference; fileEncoding = 4; lastKnownFileType = sourcecode.swift; path = FirstInfoController.swift; sourceTree = "<group>"; };
		538669991E8D8A2F00C86C9E /* BackgroundController.swift */ = {isa = PBXFileReference; fileEncoding = 4; lastKnownFileType = sourcecode.swift; path = BackgroundController.swift; sourceTree = "<group>"; };
		5386699B1E8D8A5500C86C9E /* StatusController.swift */ = {isa = PBXFileReference; fileEncoding = 4; lastKnownFileType = sourcecode.swift; path = StatusController.swift; sourceTree = "<group>"; };
		5386699D1E8D8A7100C86C9E /* GenerateStoryController.swift */ = {isa = PBXFileReference; fileEncoding = 4; lastKnownFileType = sourcecode.swift; path = GenerateStoryController.swift; sourceTree = "<group>"; };
		5386699F1E8D8AA600C86C9E /* WriteStoryController.swift */ = {isa = PBXFileReference; fileEncoding = 4; lastKnownFileType = sourcecode.swift; path = WriteStoryController.swift; sourceTree = "<group>"; };
		538669A11E8D8F3300C86C9E /* CharacterInfoController.swift */ = {isa = PBXFileReference; fileEncoding = 4; lastKnownFileType = sourcecode.swift; path = CharacterInfoController.swift; sourceTree = "<group>"; };
		538669A41E8D9CA700C86C9E /* FinishViewController.swift */ = {isa = PBXFileReference; fileEncoding = 4; lastKnownFileType = sourcecode.swift; path = FinishViewController.swift; sourceTree = "<group>"; };
		53AE30521EB53BE700F268EF /* InfoViewController.swift */ = {isa = PBXFileReference; fileEncoding = 4; lastKnownFileType = sourcecode.swift; path = InfoViewController.swift; sourceTree = "<group>"; };
		53BB5D861E97C914008B3CED /* ImageCell.swift */ = {isa = PBXFileReference; fileEncoding = 4; lastKnownFileType = sourcecode.swift; path = ImageCell.swift; sourceTree = "<group>"; };
		53BEF6D01E927C5F0034B0BF /* CharacterSelectionController.swift */ = {isa = PBXFileReference; fileEncoding = 4; lastKnownFileType = sourcecode.swift; path = CharacterSelectionController.swift; sourceTree = "<group>"; };
		53BEF6D21E927FC40034B0BF /* CharacterProtocol.swift */ = {isa = PBXFileReference; fileEncoding = 4; lastKnownFileType = sourcecode.swift; path = CharacterProtocol.swift; sourceTree = "<group>"; };
		9686F3D01E93E11800318562 /* CMData.xcdatamodel */ = {isa = PBXFileReference; lastKnownFileType = wrapper.xcdatamodel; path = CMData.xcdatamodel; sourceTree = "<group>"; };
		9686F3D31E93E70A00318562 /* CMDataController.swift */ = {isa = PBXFileReference; fileEncoding = 4; lastKnownFileType = sourcecode.swift; path = CMDataController.swift; sourceTree = "<group>"; };
		9686F3E61E96942000318562 /* PlayerChar+CoreDataClass.swift */ = {isa = PBXFileReference; fileEncoding = 4; lastKnownFileType = sourcecode.swift; path = "PlayerChar+CoreDataClass.swift"; sourceTree = "<group>"; };
		9686F3E71E96942000318562 /* PlayerChar+CoreDataProperties.swift */ = {isa = PBXFileReference; fileEncoding = 4; lastKnownFileType = sourcecode.swift; path = "PlayerChar+CoreDataProperties.swift"; sourceTree = "<group>"; };
		AA32A9511E8D636F001E8F9E /* RPJay - character manager.app */ = {isa = PBXFileReference; explicitFileType = wrapper.application; includeInIndex = 0; path = "RPJay - character manager.app"; sourceTree = BUILT_PRODUCTS_DIR; };
		AA32A9541E8D636F001E8F9E /* AppDelegate.swift */ = {isa = PBXFileReference; lastKnownFileType = sourcecode.swift; path = AppDelegate.swift; sourceTree = "<group>"; };
		AA32A9591E8D636F001E8F9E /* Base */ = {isa = PBXFileReference; lastKnownFileType = file.storyboard; name = Base; path = Base.lproj/Main.storyboard; sourceTree = "<group>"; };
		AA32A95B1E8D636F001E8F9E /* Assets.xcassets */ = {isa = PBXFileReference; lastKnownFileType = folder.assetcatalog; path = Assets.xcassets; sourceTree = "<group>"; };
		AA32A95E1E8D636F001E8F9E /* Base */ = {isa = PBXFileReference; lastKnownFileType = file.storyboard; name = Base; path = Base.lproj/LaunchScreen.storyboard; sourceTree = "<group>"; };
		AA32A9601E8D636F001E8F9E /* Info.plist */ = {isa = PBXFileReference; lastKnownFileType = text.plist.xml; path = Info.plist; sourceTree = "<group>"; };
/* End PBXFileReference section */

/* Begin PBXFrameworksBuildPhase section */
		AA32A94E1E8D636F001E8F9E /* Frameworks */ = {
			isa = PBXFrameworksBuildPhase;
			buildActionMask = 2147483647;
			files = (
			);
			runOnlyForDeploymentPostprocessing = 0;
		};
/* End PBXFrameworksBuildPhase section */

/* Begin PBXGroup section */
		538669901E8D73D100C86C9E /* View */ = {
			isa = PBXGroup;
			children = (
				AA32A95D1E8D636F001E8F9E /* LaunchScreen.storyboard */,
				AA32A9581E8D636F001E8F9E /* Main.storyboard */,
			);
			name = View;
			sourceTree = "<group>";
		};
		538669911E8D73D900C86C9E /* Model */ = {
			isa = PBXGroup;
			children = (
				538669931E8D741B00C86C9E /* Character.swift */,
				53BEF6D21E927FC40034B0BF /* CharacterProtocol.swift */,
				533309BB1E943CD8008DF646 /* Question.swift */,
				531104DF1E952A8F00B7AE9F /* ShakeExtension.swift */,
				531104E11E952DC800B7AE9F /* QuestionProtocol.swift */,
				531104E31E95323400B7AE9F /* QuestionBank.swift */,
				531104E51E9540E000B7AE9F /* ResponseBank.swift */,
				531104E71E95648400B7AE9F /* StatusSelection.swift */,
				531104EB1E956EB200B7AE9F /* StatusTable.swift */,
				531104ED1E956F9500B7AE9F /* PrioritiesTable.swift */,
			);
			name = Model;
			sourceTree = "<group>";
		};
		538669921E8D73E100C86C9E /* Control */ = {
			isa = PBXGroup;
			children = (
				538669951E8D89AA00C86C9E /* GenderSelectionController.swift */,
				538669971E8D89F000C86C9E /* FirstInfoController.swift */,
				538669991E8D8A2F00C86C9E /* BackgroundController.swift */,
				5386699B1E8D8A5500C86C9E /* StatusController.swift */,
				5386699D1E8D8A7100C86C9E /* GenerateStoryController.swift */,
				5386699F1E8D8AA600C86C9E /* WriteStoryController.swift */,
				538669A11E8D8F3300C86C9E /* CharacterInfoController.swift */,
				538669A41E8D9CA700C86C9E /* FinishViewController.swift */,
				53BEF6D01E927C5F0034B0BF /* CharacterSelectionController.swift */,
				5351F6261E92E27500D92D53 /* CellController.swift */,
				533309B91E943B23008DF646 /* QuestionController.swift */,
				53BB5D861E97C914008B3CED /* ImageCell.swift */,
				531105CE1EB3D6F3004E97C7 /* WoodenViewController.swift */,
				53644B211EB4E9F3005DCFA7 /* RockCell.swift */,
				53AE30521EB53BE700F268EF /* InfoViewController.swift */,
			);
			name = Control;
			sourceTree = "<group>";
		};
		9686F3D21E93E1A600318562 /* CMData */ = {
			isa = PBXGroup;
			children = (
				9686F3E11E968F1500318562 /* Models */,
				9686F3CF1E93E11800318562 /* CMData.xcdatamodeld */,
				9686F3D31E93E70A00318562 /* CMDataController.swift */,
			);
			name = CMData;
			sourceTree = "<group>";
		};
		9686F3E11E968F1500318562 /* Models */ = {
			isa = PBXGroup;
			children = (
				9686F3E61E96942000318562 /* PlayerChar+CoreDataClass.swift */,
				9686F3E71E96942000318562 /* PlayerChar+CoreDataProperties.swift */,
			);
			name = Models;
			sourceTree = "<group>";
		};
		AA32A9481E8D636F001E8F9E = {
			isa = PBXGroup;
			children = (
				AA32A9531E8D636F001E8F9E /* RPJay - character manager */,
				AA32A9521E8D636F001E8F9E /* Products */,
			);
			sourceTree = "<group>";
		};
		AA32A9521E8D636F001E8F9E /* Products */ = {
			isa = PBXGroup;
			children = (
				AA32A9511E8D636F001E8F9E /* RPJay - character manager.app */,
			);
			name = Products;
			sourceTree = "<group>";
		};
		AA32A9531E8D636F001E8F9E /* RPJay - character manager */ = {
			isa = PBXGroup;
			children = (
				AA32A9541E8D636F001E8F9E /* AppDelegate.swift */,
				538669921E8D73E100C86C9E /* Control */,
				538669911E8D73D900C86C9E /* Model */,
				538669901E8D73D100C86C9E /* View */,
				AA32A95B1E8D636F001E8F9E /* Assets.xcassets */,
				AA32A9601E8D636F001E8F9E /* Info.plist */,
				9686F3D21E93E1A600318562 /* CMData */,
			);
			path = "RPJay - character manager";
			sourceTree = "<group>";
		};
/* End PBXGroup section */

/* Begin PBXNativeTarget section */
		AA32A9501E8D636F001E8F9E /* RPJay - character manager */ = {
			isa = PBXNativeTarget;
			buildConfigurationList = AA32A9631E8D636F001E8F9E /* Build configuration list for PBXNativeTarget "RPJay - character manager" */;
			buildPhases = (
				AA32A94D1E8D636F001E8F9E /* Sources */,
				AA32A94E1E8D636F001E8F9E /* Frameworks */,
				AA32A94F1E8D636F001E8F9E /* Resources */,
			);
			buildRules = (
			);
			dependencies = (
			);
			name = "RPJay - character manager";
			productName = "RPJay - character manager";
			productReference = AA32A9511E8D636F001E8F9E /* RPJay - character manager.app */;
			productType = "com.apple.product-type.application";
		};
/* End PBXNativeTarget section */

/* Begin PBXProject section */
		AA32A9491E8D636F001E8F9E /* Project object */ = {
			isa = PBXProject;
			attributes = {
				LastSwiftUpdateCheck = 0820;
				LastUpgradeCheck = 0820;
				ORGANIZATIONNAME = "Juliane Vianna";
				TargetAttributes = {
					AA32A9501E8D636F001E8F9E = {
						CreatedOnToolsVersion = 8.2.1;
						DevelopmentTeam = X6FRCZP2YP;
						ProvisioningStyle = Automatic;
					};
				};
			};
			buildConfigurationList = AA32A94C1E8D636F001E8F9E /* Build configuration list for PBXProject "RPJay - character manager" */;
			compatibilityVersion = "Xcode 3.2";
			developmentRegion = English;
			hasScannedForEncodings = 0;
			knownRegions = (
				en,
				Base,
			);
			mainGroup = AA32A9481E8D636F001E8F9E;
			productRefGroup = AA32A9521E8D636F001E8F9E /* Products */;
			projectDirPath = "";
			projectRoot = "";
			targets = (
				AA32A9501E8D636F001E8F9E /* RPJay - character manager */,
			);
		};
/* End PBXProject section */

/* Begin PBXResourcesBuildPhase section */
		AA32A94F1E8D636F001E8F9E /* Resources */ = {
			isa = PBXResourcesBuildPhase;
			buildActionMask = 2147483647;
			files = (
				AA32A95F1E8D636F001E8F9E /* LaunchScreen.storyboard in Resources */,
				AA32A95C1E8D636F001E8F9E /* Assets.xcassets in Resources */,
				AA32A95A1E8D636F001E8F9E /* Main.storyboard in Resources */,
			);
			runOnlyForDeploymentPostprocessing = 0;
		};
/* End PBXResourcesBuildPhase section */

/* Begin PBXSourcesBuildPhase section */
		AA32A94D1E8D636F001E8F9E /* Sources */ = {
			isa = PBXSourcesBuildPhase;
			buildActionMask = 2147483647;
			files = (
				533309BC1E943CD8008DF646 /* Question.swift in Sources */,
				53BEF6D31E927FC40034B0BF /* CharacterProtocol.swift in Sources */,
				531104E81E95648400B7AE9F /* StatusSelection.swift in Sources */,
				531104E21E952DC800B7AE9F /* QuestionProtocol.swift in Sources */,
				53AE30531EB53BE700F268EF /* InfoViewController.swift in Sources */,
				531105CF1EB3D6F3004E97C7 /* WoodenViewController.swift in Sources */,
				5386699E1E8D8A7100C86C9E /* GenerateStoryController.swift in Sources */,
				538669A01E8D8AA600C86C9E /* WriteStoryController.swift in Sources */,
				531104E41E95323400B7AE9F /* QuestionBank.swift in Sources */,
				538669941E8D741B00C86C9E /* Character.swift in Sources */,
				538669961E8D89AA00C86C9E /* GenderSelectionController.swift in Sources */,
				9686F3D41E93E70A00318562 /* CMDataController.swift in Sources */,
				53644B221EB4E9F3005DCFA7 /* RockCell.swift in Sources */,
				53BEF6D11E927C5F0034B0BF /* CharacterSelectionController.swift in Sources */,
				53BB5D871E97C914008B3CED /* ImageCell.swift in Sources */,
				538669981E8D89F000C86C9E /* FirstInfoController.swift in Sources */,
				531104E01E952A8F00B7AE9F /* ShakeExtension.swift in Sources */,
				533309BA1E943B23008DF646 /* QuestionController.swift in Sources */,
				531104E61E9540E000B7AE9F /* ResponseBank.swift in Sources */,
				5386699C1E8D8A5500C86C9E /* StatusController.swift in Sources */,
				5386699A1E8D8A2F00C86C9E /* BackgroundController.swift in Sources */,
				9686F3E81E96942000318562 /* PlayerChar+CoreDataClass.swift in Sources */,
				9686F3D11E93E11800318562 /* CMData.xcdatamodeld in Sources */,
				538669A21E8D8F3300C86C9E /* CharacterInfoController.swift in Sources */,
				531104EC1E956EB200B7AE9F /* StatusTable.swift in Sources */,
				531104EE1E956F9500B7AE9F /* PrioritiesTable.swift in Sources */,
				AA32A9551E8D636F001E8F9E /* AppDelegate.swift in Sources */,
				5351F6271E92E27500D92D53 /* CellController.swift in Sources */,
				9686F3E91E96942000318562 /* PlayerChar+CoreDataProperties.swift in Sources */,
				538669A51E8D9CA700C86C9E /* FinishViewController.swift in Sources */,
			);
			runOnlyForDeploymentPostprocessing = 0;
		};
/* End PBXSourcesBuildPhase section */

/* Begin PBXVariantGroup section */
		AA32A9581E8D636F001E8F9E /* Main.storyboard */ = {
			isa = PBXVariantGroup;
			children = (
				AA32A9591E8D636F001E8F9E /* Base */,
			);
			name = Main.storyboard;
			sourceTree = "<group>";
		};
		AA32A95D1E8D636F001E8F9E /* LaunchScreen.storyboard */ = {
			isa = PBXVariantGroup;
			children = (
				AA32A95E1E8D636F001E8F9E /* Base */,
			);
			name = LaunchScreen.storyboard;
			sourceTree = "<group>";
		};
/* End PBXVariantGroup section */

/* Begin XCBuildConfiguration section */
		AA32A9611E8D636F001E8F9E /* Debug */ = {
			isa = XCBuildConfiguration;
			buildSettings = {
				ALWAYS_SEARCH_USER_PATHS = NO;
				CLANG_ANALYZER_NONNULL = YES;
				CLANG_CXX_LANGUAGE_STANDARD = "gnu++0x";
				CLANG_CXX_LIBRARY = "libc++";
				CLANG_ENABLE_MODULES = YES;
				CLANG_ENABLE_OBJC_ARC = YES;
				CLANG_WARN_BOOL_CONVERSION = YES;
				CLANG_WARN_CONSTANT_CONVERSION = YES;
				CLANG_WARN_DIRECT_OBJC_ISA_USAGE = YES_ERROR;
				CLANG_WARN_DOCUMENTATION_COMMENTS = YES;
				CLANG_WARN_EMPTY_BODY = YES;
				CLANG_WARN_ENUM_CONVERSION = YES;
				CLANG_WARN_INFINITE_RECURSION = YES;
				CLANG_WARN_INT_CONVERSION = YES;
				CLANG_WARN_OBJC_ROOT_CLASS = YES_ERROR;
				CLANG_WARN_SUSPICIOUS_MOVE = YES;
				CLANG_WARN_UNREACHABLE_CODE = YES;
				CLANG_WARN__DUPLICATE_METHOD_MATCH = YES;
				"CODE_SIGN_IDENTITY[sdk=iphoneos*]" = "iPhone Developer";
				COPY_PHASE_STRIP = NO;
				DEBUG_INFORMATION_FORMAT = dwarf;
				ENABLE_STRICT_OBJC_MSGSEND = YES;
				ENABLE_TESTABILITY = YES;
				GCC_C_LANGUAGE_STANDARD = gnu99;
				GCC_DYNAMIC_NO_PIC = NO;
				GCC_NO_COMMON_BLOCKS = YES;
				GCC_OPTIMIZATION_LEVEL = 0;
				GCC_PREPROCESSOR_DEFINITIONS = (
					"DEBUG=1",
					"$(inherited)",
				);
				GCC_WARN_64_TO_32_BIT_CONVERSION = YES;
				GCC_WARN_ABOUT_RETURN_TYPE = YES_ERROR;
				GCC_WARN_UNDECLARED_SELECTOR = YES;
				GCC_WARN_UNINITIALIZED_AUTOS = YES_AGGRESSIVE;
				GCC_WARN_UNUSED_FUNCTION = YES;
				GCC_WARN_UNUSED_VARIABLE = YES;
				IPHONEOS_DEPLOYMENT_TARGET = 10.2;
				MTL_ENABLE_DEBUG_INFO = YES;
				ONLY_ACTIVE_ARCH = YES;
				SDKROOT = iphoneos;
				SWIFT_ACTIVE_COMPILATION_CONDITIONS = DEBUG;
				SWIFT_OPTIMIZATION_LEVEL = "-Onone";
			};
			name = Debug;
		};
		AA32A9621E8D636F001E8F9E /* Release */ = {
			isa = XCBuildConfiguration;
			buildSettings = {
				ALWAYS_SEARCH_USER_PATHS = NO;
				CLANG_ANALYZER_NONNULL = YES;
				CLANG_CXX_LANGUAGE_STANDARD = "gnu++0x";
				CLANG_CXX_LIBRARY = "libc++";
				CLANG_ENABLE_MODULES = YES;
				CLANG_ENABLE_OBJC_ARC = YES;
				CLANG_WARN_BOOL_CONVERSION = YES;
				CLANG_WARN_CONSTANT_CONVERSION = YES;
				CLANG_WARN_DIRECT_OBJC_ISA_USAGE = YES_ERROR;
				CLANG_WARN_DOCUMENTATION_COMMENTS = YES;
				CLANG_WARN_EMPTY_BODY = YES;
				CLANG_WARN_ENUM_CONVERSION = YES;
				CLANG_WARN_INFINITE_RECURSION = YES;
				CLANG_WARN_INT_CONVERSION = YES;
				CLANG_WARN_OBJC_ROOT_CLASS = YES_ERROR;
				CLANG_WARN_SUSPICIOUS_MOVE = YES;
				CLANG_WARN_UNREACHABLE_CODE = YES;
				CLANG_WARN__DUPLICATE_METHOD_MATCH = YES;
				"CODE_SIGN_IDENTITY[sdk=iphoneos*]" = "iPhone Developer";
				COPY_PHASE_STRIP = NO;
				DEBUG_INFORMATION_FORMAT = "dwarf-with-dsym";
				ENABLE_NS_ASSERTIONS = NO;
				ENABLE_STRICT_OBJC_MSGSEND = YES;
				GCC_C_LANGUAGE_STANDARD = gnu99;
				GCC_NO_COMMON_BLOCKS = YES;
				GCC_WARN_64_TO_32_BIT_CONVERSION = YES;
				GCC_WARN_ABOUT_RETURN_TYPE = YES_ERROR;
				GCC_WARN_UNDECLARED_SELECTOR = YES;
				GCC_WARN_UNINITIALIZED_AUTOS = YES_AGGRESSIVE;
				GCC_WARN_UNUSED_FUNCTION = YES;
				GCC_WARN_UNUSED_VARIABLE = YES;
				IPHONEOS_DEPLOYMENT_TARGET = 10.2;
				MTL_ENABLE_DEBUG_INFO = NO;
				SDKROOT = iphoneos;
				SWIFT_OPTIMIZATION_LEVEL = "-Owholemodule";
				VALIDATE_PRODUCT = YES;
			};
			name = Release;
		};
		AA32A9641E8D636F001E8F9E /* Debug */ = {
			isa = XCBuildConfiguration;
			buildSettings = {
				ASSETCATALOG_COMPILER_APPICON_NAME = AppIcon;
				DEVELOPMENT_TEAM = X6FRCZP2YP;
				INFOPLIST_FILE = "RPJay - character manager/Info.plist";
				LD_RUNPATH_SEARCH_PATHS = "$(inherited) @executable_path/Frameworks";
				PRODUCT_BUNDLE_IDENTIFIER = br.eldorado.RPJay;
				PRODUCT_NAME = "$(TARGET_NAME)";
				SWIFT_VERSION = 3.0;
			};
			name = Debug;
		};
		AA32A9651E8D636F001E8F9E /* Release */ = {
			isa = XCBuildConfiguration;
			buildSettings = {
				ASSETCATALOG_COMPILER_APPICON_NAME = AppIcon;
				DEVELOPMENT_TEAM = X6FRCZP2YP;
				INFOPLIST_FILE = "RPJay - character manager/Info.plist";
				LD_RUNPATH_SEARCH_PATHS = "$(inherited) @executable_path/Frameworks";
				PRODUCT_BUNDLE_IDENTIFIER = br.eldorado.RPJay;
				PRODUCT_NAME = "$(TARGET_NAME)";
				SWIFT_VERSION = 3.0;
			};
			name = Release;
		};
/* End XCBuildConfiguration section */

/* Begin XCConfigurationList section */
		AA32A94C1E8D636F001E8F9E /* Build configuration list for PBXProject "RPJay - character manager" */ = {
			isa = XCConfigurationList;
			buildConfigurations = (
				AA32A9611E8D636F001E8F9E /* Debug */,
				AA32A9621E8D636F001E8F9E /* Release */,
			);
			defaultConfigurationIsVisible = 0;
			defaultConfigurationName = Release;
		};
		AA32A9631E8D636F001E8F9E /* Build configuration list for PBXNativeTarget "RPJay - character manager" */ = {
			isa = XCConfigurationList;
			buildConfigurations = (
				AA32A9641E8D636F001E8F9E /* Debug */,
				AA32A9651E8D636F001E8F9E /* Release */,
			);
			defaultConfigurationIsVisible = 0;
			defaultConfigurationName = Release;
		};
/* End XCConfigurationList section */

/* Begin XCVersionGroup section */
		9686F3CF1E93E11800318562 /* CMData.xcdatamodeld */ = {
			isa = XCVersionGroup;
			children = (
				9686F3D01E93E11800318562 /* CMData.xcdatamodel */,
			);
			currentVersion = 9686F3D01E93E11800318562 /* CMData.xcdatamodel */;
			path = CMData.xcdatamodeld;
			sourceTree = "<group>";
			versionGroupType = wrapper.xcdatamodel;
		};
/* End XCVersionGroup section */
	};
	rootObject = AA32A9491E8D636F001E8F9E /* Project object */;
}
